
Microsoft Visual Studio Solution File, Format Version 12.00
# Visual Studio Version 16
VisualStudioVersion = 16.0.30907.101
MinimumVisualStudioVersion = 10.0.40219.1
Project("{FAE04EC0-301F-11D3-BF4B-00C04F79EFBC}") = "kr2", "kr2\kr2.csproj", "{5D997471-0D35-4BA4-BE73-45EAEBB27117}"
EndProject
Project("{8BC9CEB8-8B4A-11D0-8D11-00A0C91BC942}") = "KRProc", "KRProc\KRProc.vcxproj", "{16F70F7B-6DF0-4239-804B-436860D01D7E}"
EndProject
Global
	GlobalSection(SolutionConfigurationPlatforms) = preSolution
		Debug|Any CPU = Debug|Any CPU
		Debug|x64 = Debug|x64
		Debug|x86 = Debug|x86
		Release|Any CPU = Release|Any CPU
		Release|x64 = Release|x64
		Release|x86 = Release|x86
	EndGlobalSection
	GlobalSection(ProjectConfigurationPlatforms) = postSolution
		{5D997471-0D35-4BA4-BE73-45EAEBB27117}.Debug|Any CPU.ActiveCfg = Debug|Any CPU
		{5D997471-0D35-4BA4-BE73-45EAEBB27117}.Debug|Any CPU.Build.0 = Debug|Any CPU
		{5D997471-0D35-4BA4-BE73-45EAEBB27117}.Debug|x64.ActiveCfg = Debug|Any CPU
		{5D997471-0D35-4BA4-BE73-45EAEBB27117}.Debug|x64.Build.0 = Debug|Any CPU
		{5D997471-0D35-4BA4-BE73-45EAEBB27117}.Debug|x86.ActiveCfg = Debug|Any CPU
		{5D997471-0D35-4BA4-BE73-45EAEBB27117}.Debug|x86.Build.0 = Debug|Any CPU
		{5D997471-0D35-4BA4-BE73-45EAEBB27117}.Release|Any CPU.ActiveCfg = Release|Any CPU
		{5D997471-0D35-4BA4-BE73-45EAEBB27117}.Release|Any CPU.Build.0 = Release|Any CPU
		{5D997471-0D35-4BA4-BE73-45EAEBB27117}.Release|x64.ActiveCfg = Release|Any CPU
		{5D997471-0D35-4BA4-BE73-45EAEBB27117}.Release|x64.Build.0 = Release|Any CPU
		{5D997471-0D35-4BA4-BE73-45EAEBB27117}.Release|x86.ActiveCfg = Release|Any CPU
		{5D997471-0D35-4BA4-BE73-45EAEBB27117}.Release|x86.Build.0 = Release|Any CPU
		{16F70F7B-6DF0-4239-804B-436860D01D7E}.Debug|Any CPU.ActiveCfg = Debug|Win32
		{16F70F7B-6DF0-4239-804B-436860D01D7E}.Debug|Any CPU.Build.0 = Debug|Win32
		{16F70F7B-6DF0-4239-804B-436860D01D7E}.Debug|x64.ActiveCfg = Debug|x64
		{16F70F7B-6DF0-4239-804B-436860D01D7E}.Debug|x64.Build.0 = Debug|x64
		{16F70F7B-6DF0-4239-804B-436860D01D7E}.Debug|x86.ActiveCfg = Debug|Win32
		{16F70F7B-6DF0-4239-804B-436860D01D7E}.Debug|x86.Build.0 = Debug|Win32
		{16F70F7B-6DF0-4239-804B-436860D01D7E}.Release|Any CPU.ActiveCfg = Release|Win32
		{16F70F7B-6DF0-4239-804B-436860D01D7E}.Release|x64.ActiveCfg = Release|x64
		{16F70F7B-6DF0-4239-804B-436860D01D7E}.Release|x64.Build.0 = Release|x64
		{16F70F7B-6DF0-4239-804B-436860D01D7E}.Release|x86.ActiveCfg = Release|Win32
		{16F70F7B-6DF0-4239-804B-436860D01D7E}.Release|x86.Build.0 = Release|Win32
	EndGlobalSection
	GlobalSection(SolutionProperties) = preSolution
		HideSolutionNode = FALSE
	EndGlobalSection
	GlobalSection(ExtensibilityGlobals) = postSolution
		SolutionGuid = {5DF72CB2-DDD6-4E47-B7D5-C4065DC6C87C}
	EndGlobalSection
EndGlobal
